
Microsoft Visual Studio Solution File, Format Version 12.00
# Visual Studio 14
VisualStudioVersion = 14.0.23107.0
MinimumVisualStudioVersion = 10.0.40219.1
Project("{FAE04EC0-301F-11D3-BF4B-00C04F79EFBC}") = "FleetBuilder_Web", "FleetBuilder_Web\FleetBuilder_Web.csproj", "{8497FC06-D061-4428-80A3-7A737E1736A6}"
EndProject
Global
	GlobalSection(SolutionConfigurationPlatforms) = preSolution
		Debug|Any CPU = Debug|Any CPU
		Release|Any CPU = Release|Any CPU
	EndGlobalSection
	GlobalSection(ProjectConfigurationPlatforms) = postSolution
		{8497FC06-D061-4428-80A3-7A737E1736A6}.Debug|Any CPU.ActiveCfg = Debug|Any CPU
		{8497FC06-D061-4428-80A3-7A737E1736A6}.Debug|Any CPU.Build.0 = Debug|Any CPU
		{8497FC06-D061-4428-80A3-7A737E1736A6}.Release|Any CPU.ActiveCfg = Release|Any CPU
		{8497FC06-D061-4428-80A3-7A737E1736A6}.Release|Any CPU.Build.0 = Release|Any CPU
	EndGlobalSection
	GlobalSection(SolutionProperties) = preSolution
		HideSolutionNode = FALSE
	EndGlobalSection
EndGlobal
